
Microsoft Visual Studio Solution File, Format Version 12.00
# Visual Studio Version 16
VisualStudioVersion = 16.0.31410.357
MinimumVisualStudioVersion = 10.0.40219.1
Project("{FAE04EC0-301F-11D3-BF4B-00C04F79EFBC}") = "DWLTRemovePRO_App", "DWLTRemovePRO_App\DWLTRemovePRO_App.csproj", "{57CB960F-A61C-4E1D-882C-A96181EC5573}"
EndProject
Global
	GlobalSection(SolutionConfigurationPlatforms) = preSolution
		Debug|Any CPU = Debug|Any CPU
		Release|Any CPU = Release|Any CPU
	EndGlobalSection
	GlobalSection(ProjectConfigurationPlatforms) = postSolution
		{57CB960F-A61C-4E1D-882C-A96181EC5573}.Debug|Any CPU.ActiveCfg = Debug|Any CPU
		{57CB960F-A61C-4E1D-882C-A96181EC5573}.Debug|Any CPU.Build.0 = Debug|Any CPU
		{57CB960F-A61C-4E1D-882C-A96181EC5573}.Release|Any CPU.ActiveCfg = Release|Any CPU
		{57CB960F-A61C-4E1D-882C-A96181EC5573}.Release|Any CPU.Build.0 = Release|Any CPU
	EndGlobalSection
	GlobalSection(SolutionProperties) = preSolution
		HideSolutionNode = FALSE
	EndGlobalSection
	GlobalSection(ExtensibilityGlobals) = postSolution
		SolutionGuid = {CD6BCAE9-71E0-458C-A9F4-BA913E87668F}
	EndGlobalSection
EndGlobal
